{
  "projects": [
    {
      "projectId": "seaQhLVS4bbjiGvJJrRwyL",
      "version": "15.0.3",
      "dependencies": {},
      "lang": "js",
      "fileLocks": [
        {
          "assetId": "seaQhLVS4bbjiGvJJrRwyL",
          "type": "projectCss",
          "checksum": "95834d015a9002783a412911551dd4e3"
        }
      ]
    },
    {
      "projectId": "jtTxUSUaYyDYVq5FUSGgTb",
      "version": "latest",
      "dependencies": {
        "seaQhLVS4bbjiGvJJrRwyL": "15.0.3"
      },
      "lang": "js",
      "fileLocks": [
        {
          "type": "globalVariant",
          "assetId": "VrW6EpkI5jaN",
          "checksum": "0f85d0817b7694315689a27a83162a1f"
        },
        {
          "type": "renderModule",
          "assetId": "PQVUMvqrmvt",
          "checksum": "10046e54e9981a41599928cbf4410f7b"
        },
        {
          "type": "cssRules",
          "assetId": "PQVUMvqrmvt",
          "checksum": "10046e54e9981a41599928cbf4410f7b"
        },
        {
          "type": "renderModule",
          "assetId": "OFcEsEPKVSy",
          "checksum": "0eb50755a3fd24f32a4bc69f3919de40"
        },
        {
          "type": "cssRules",
          "assetId": "OFcEsEPKVSy",
          "checksum": "0eb50755a3fd24f32a4bc69f3919de40"
        },
        {
          "type": "renderModule",
          "assetId": "rFX_TWDAZit",
          "checksum": "c63d988817a333415a7860d7a8043c9e"
        },
        {
          "type": "cssRules",
          "assetId": "rFX_TWDAZit",
          "checksum": "c63d988817a333415a7860d7a8043c9e"
        },
        {
          "type": "renderModule",
          "assetId": "k6aYOWxTwdr",
          "checksum": "22a43faff216c374a87a22cafdcc33ee"
        },
        {
          "type": "cssRules",
          "assetId": "k6aYOWxTwdr",
          "checksum": "22a43faff216c374a87a22cafdcc33ee"
        },
        {
          "type": "renderModule",
          "assetId": "vJxynRdWnLq",
          "checksum": "5a9ecefe2efa0b78e7d3e1ab8ff3a7bb"
        },
        {
          "type": "cssRules",
          "assetId": "vJxynRdWnLq",
          "checksum": "5a9ecefe2efa0b78e7d3e1ab8ff3a7bb"
        },
        {
          "type": "renderModule",
          "assetId": "GGv8Rbbb-eh",
          "checksum": "0977a7ff60149b4e58ce098c5d9c38af"
        },
        {
          "type": "cssRules",
          "assetId": "GGv8Rbbb-eh",
          "checksum": "0977a7ff60149b4e58ce098c5d9c38af"
        },
        {
          "type": "renderModule",
          "assetId": "tAmnGGVvVuAO",
          "checksum": "c992fc1868fd071c5c6180b0f4af3fad"
        },
        {
          "type": "cssRules",
          "assetId": "tAmnGGVvVuAO",
          "checksum": "c992fc1868fd071c5c6180b0f4af3fad"
        },
        {
          "type": "renderModule",
          "assetId": "V4ez3nQHtN4p",
          "checksum": "5a09c96e44c184f4ebd8b711df7af840"
        },
        {
          "type": "cssRules",
          "assetId": "V4ez3nQHtN4p",
          "checksum": "5a09c96e44c184f4ebd8b711df7af840"
        },
        {
          "type": "renderModule",
          "assetId": "giddY8-jZWpI",
          "checksum": "c1ddb49b067cb1809d90f93c59e9958f"
        },
        {
          "type": "cssRules",
          "assetId": "giddY8-jZWpI",
          "checksum": "c1ddb49b067cb1809d90f93c59e9958f"
        },
        {
          "type": "renderModule",
          "assetId": "UF7gLi3kV-rg",
          "checksum": "13ad84df9283625a09c592aaa342944b"
        },
        {
          "type": "cssRules",
          "assetId": "UF7gLi3kV-rg",
          "checksum": "13ad84df9283625a09c592aaa342944b"
        },
        {
          "type": "renderModule",
          "assetId": "NpAgdY2U3jXa",
          "checksum": "48b689c8e8b9a92224ef66cc89fccf7c"
        },
        {
          "type": "cssRules",
          "assetId": "NpAgdY2U3jXa",
          "checksum": "48b689c8e8b9a92224ef66cc89fccf7c"
        },
        {
          "type": "renderModule",
          "assetId": "1LUbFXHukfqp",
          "checksum": "be40500f58a58570c85322921f96b18a"
        },
        {
          "type": "cssRules",
          "assetId": "1LUbFXHukfqp",
          "checksum": "be40500f58a58570c85322921f96b18a"
        },
        {
          "type": "renderModule",
          "assetId": "Km9rBF8KY3yJ",
          "checksum": "ffba67dee27d98c5b7d0dac04a2d2c6f"
        },
        {
          "type": "cssRules",
          "assetId": "Km9rBF8KY3yJ",
          "checksum": "ffba67dee27d98c5b7d0dac04a2d2c6f"
        },
        {
          "type": "renderModule",
          "assetId": "NrFsSA9C4dbE",
          "checksum": "32bc544aed320a37edad9e2aad3e6e6a"
        },
        {
          "type": "cssRules",
          "assetId": "NrFsSA9C4dbE",
          "checksum": "32bc544aed320a37edad9e2aad3e6e6a"
        },
        {
          "type": "renderModule",
          "assetId": "2kkmkSfTwtyI",
          "checksum": "b622319025db7523017e3a10f300555f"
        },
        {
          "type": "cssRules",
          "assetId": "2kkmkSfTwtyI",
          "checksum": "b622319025db7523017e3a10f300555f"
        },
        {
          "type": "renderModule",
          "assetId": "xATQM3R6S2Gi",
          "checksum": "36861e45682a46033225049faffba895"
        },
        {
          "type": "cssRules",
          "assetId": "xATQM3R6S2Gi",
          "checksum": "36861e45682a46033225049faffba895"
        },
        {
          "type": "icon",
          "assetId": "v_i9MOJJ0FWn",
          "checksum": "3e12954d695307df287ed96de56aaca0"
        },
        {
          "type": "icon",
          "assetId": "qqc7R0RN4US8",
          "checksum": "fd93dd7cc16ad13be21b23348116d41f"
        },
        {
          "type": "icon",
          "assetId": "aLiPYmYFynex",
          "checksum": "f130565dfd98c005f2a30c5a446338cf"
        },
        {
          "type": "icon",
          "assetId": "T1b5d8Vlu0V0",
          "checksum": "c7ac8a0920435b0f6d5b62d1add99d8d"
        },
        {
          "type": "icon",
          "assetId": "WplHBDBY12ZR",
          "checksum": "3e36e79f643af9f094d6ee7da70b02c6"
        },
        {
          "type": "icon",
          "assetId": "moNSIPz-jqw6",
          "checksum": "a463e7a726c01eea945badabacce91ab"
        },
        {
          "type": "icon",
          "assetId": "dnWONP_mS81J",
          "checksum": "0155be8e2c376f911d35f4d7e216a392"
        },
        {
          "type": "icon",
          "assetId": "-65LwXgP6_km",
          "checksum": "adcaa30b6029c51fa2a6ebdb34334ebb"
        },
        {
          "type": "icon",
          "assetId": "jlxkw5fjcK9Q",
          "checksum": "420969757abe3e3f3da9d0f82dfc9830"
        },
        {
          "type": "icon",
          "assetId": "PONyPt8q5BHC",
          "checksum": "eac206658a47e47a7b136d372faee7d6"
        },
        {
          "type": "icon",
          "assetId": "3_xP9iFwTZy3",
          "checksum": "a28a107ebf209fb2658c842709e304c2"
        },
        {
          "type": "icon",
          "assetId": "JbxaCBBlqCF7",
          "checksum": "9e7b8faaa66e17f230726a63681d5a2a"
        },
        {
          "type": "icon",
          "assetId": "fAS_dW1yluHi",
          "checksum": "3073862cf7551fdabfdd36379b6d5676"
        },
        {
          "type": "icon",
          "assetId": "96nerXpotQ63",
          "checksum": "1036bcb49f0bc2ae2e52054b57624b22"
        },
        {
          "type": "icon",
          "assetId": "XFP2KQiCWplu",
          "checksum": "3e6c8d0a230e2e910946c20e99df98c2"
        },
        {
          "type": "icon",
          "assetId": "lZhrhcf16RAh",
          "checksum": "0ffc5f5e5d5a45f49a103b2e41d0f2e5"
        },
        {
          "type": "icon",
          "assetId": "wyOmV4QwZPkT",
          "checksum": "93411d67e17a5710b716117a879dd9c6"
        },
        {
          "type": "icon",
          "assetId": "v_CbFuFg7lWN",
          "checksum": "9e19c648b418daf882edc1a71a242726"
        },
        {
          "type": "icon",
          "assetId": "1D74Rc5uilkK",
          "checksum": "f87a9f90dfe2331296708e6c48ab4db0"
        },
        {
          "type": "icon",
          "assetId": "hEtHtK2CwHp-",
          "checksum": "6ab08b3ad31d8307f88400df0d1d0d92"
        },
        {
          "type": "icon",
          "assetId": "8GbqJCSTesZ3",
          "checksum": "2db224b5969943a831937fc95af2aef9"
        },
        {
          "type": "icon",
          "assetId": "_5b0_PaSe2XV",
          "checksum": "7bf192de19d2b01ed798cde0d11e1ed3"
        },
        {
          "type": "image",
          "assetId": "H5920x7D6NuI",
          "checksum": "d5731b002d47c348113a5c478ce1b913"
        },
        {
          "type": "image",
          "assetId": "UKTod2VfbIph",
          "checksum": "e21ea1370ee42075ee43d02e9dd39a84"
        },
        {
          "type": "image",
          "assetId": "iZ8VelwDSd9X",
          "checksum": "650570c8c20e088fb58f61452645de80"
        },
        {
          "type": "image",
          "assetId": "pLxVlhHbl9AT",
          "checksum": "8d6f386471c67a84a50c88964a2d362b"
        },
        {
          "type": "image",
          "assetId": "37Av2Q3_7",
          "checksum": "b39c70695eb7ff57015d5a627ec107fd"
        },
        {
          "type": "renderModule",
          "assetId": "RG4J4lO0QS",
          "checksum": "c8c5a3a3328577627daa0812c4cca936"
        },
        {
          "type": "cssRules",
          "assetId": "RG4J4lO0QS",
          "checksum": "c8c5a3a3328577627daa0812c4cca936"
        },
        {
          "type": "renderModule",
          "assetId": "zvLW9_WYC3",
          "checksum": "c0dfa5fb0f7bac310dae542d577143ac"
        },
        {
          "type": "cssRules",
          "assetId": "zvLW9_WYC3",
          "checksum": "c0dfa5fb0f7bac310dae542d577143ac"
        },
        {
          "type": "renderModule",
          "assetId": "mJAlwDK4rl",
          "checksum": "19773bf94f590cb541ca2e6a717ee5b8"
        },
        {
          "type": "cssRules",
          "assetId": "mJAlwDK4rl",
          "checksum": "19773bf94f590cb541ca2e6a717ee5b8"
        },
        {
          "type": "renderModule",
          "assetId": "pC06KJurrI",
          "checksum": "3d10cdc31bb018311b29f2b33e97b9ba"
        },
        {
          "type": "cssRules",
          "assetId": "pC06KJurrI",
          "checksum": "3d10cdc31bb018311b29f2b33e97b9ba"
        },
        {
          "type": "renderModule",
          "assetId": "ER4Q0HIfKZ",
          "checksum": "1d16b9d7279814958705452271e7ccd3"
        },
        {
          "type": "cssRules",
          "assetId": "ER4Q0HIfKZ",
          "checksum": "1d16b9d7279814958705452271e7ccd3"
        },
        {
          "type": "image",
          "assetId": "vvk_9cV8f",
          "checksum": "dc4a307a6ad96fe50c94b78a371fdfeb"
        },
        {
          "type": "image",
          "assetId": "CHG9KBWyj",
          "checksum": "c60df9c979fcfddb7111ed05cade68c9"
        },
        {
          "type": "image",
          "assetId": "0vcabeCX9",
          "checksum": "6b36fa5b48be4d1b05c28c065d4c2520"
        },
        {
          "type": "image",
          "assetId": "L8zhr-o6z",
          "checksum": "dc2559341eca2b030ed7a00c31011edd"
        },
        {
          "type": "image",
          "assetId": "gGOc3joFb",
          "checksum": "21aba4426d6674cefa5d45fa6c7927b1"
        },
        {
          "assetId": "jtTxUSUaYyDYVq5FUSGgTb",
          "type": "projectCss",
          "checksum": "ece1d56c1ce2049aeb11edd3b0d60e48"
        }
      ]
    }
  ],
  "cliVersion": "0.1.167"
}
